
Microsoft Visual Studio Solution File, Format Version 12.00
# Visual Studio 15
Project("{FAE04EC0-301F-11D3-BF4B-00C04F79EFBC}") = "SteamAudioUnity", "SteamAudioUnity.csproj", "{33187278-5FF4-9C29-167E-07D824DD4044}"
EndProject
Project("{FAE04EC0-301F-11D3-BF4B-00C04F79EFBC}") = "Assembly-CSharp", "Assembly-CSharp.csproj", "{91987203-DDDE-18C0-F2BE-45DC06EB7C4E}"
EndProject
Project("{FAE04EC0-301F-11D3-BF4B-00C04F79EFBC}") = "SteamAudioUnityEditor", "SteamAudioUnityEditor.csproj", "{14E412AD-F1C3-9DBF-59C9-97B687F96D73}"
EndProject
Global
	GlobalSection(SolutionConfigurationPlatforms) = preSolution
		Debug|Any CPU = Debug|Any CPU
		Release|Any CPU = Release|Any CPU
	EndGlobalSection
	GlobalSection(ProjectConfigurationPlatforms) = postSolution
		{33187278-5FF4-9C29-167E-07D824DD4044}.Debug|Any CPU.ActiveCfg = Debug|Any CPU
		{33187278-5FF4-9C29-167E-07D824DD4044}.Debug|Any CPU.Build.0 = Debug|Any CPU
		{33187278-5FF4-9C29-167E-07D824DD4044}.Release|Any CPU.ActiveCfg = Release|Any CPU
		{33187278-5FF4-9C29-167E-07D824DD4044}.Release|Any CPU.Build.0 = Release|Any CPU
		{91987203-DDDE-18C0-F2BE-45DC06EB7C4E}.Debug|Any CPU.ActiveCfg = Debug|Any CPU
		{91987203-DDDE-18C0-F2BE-45DC06EB7C4E}.Debug|Any CPU.Build.0 = Debug|Any CPU
		{91987203-DDDE-18C0-F2BE-45DC06EB7C4E}.Release|Any CPU.ActiveCfg = Release|Any CPU
		{91987203-DDDE-18C0-F2BE-45DC06EB7C4E}.Release|Any CPU.Build.0 = Release|Any CPU
		{14E412AD-F1C3-9DBF-59C9-97B687F96D73}.Debug|Any CPU.ActiveCfg = Debug|Any CPU
		{14E412AD-F1C3-9DBF-59C9-97B687F96D73}.Debug|Any CPU.Build.0 = Debug|Any CPU
		{14E412AD-F1C3-9DBF-59C9-97B687F96D73}.Release|Any CPU.ActiveCfg = Release|Any CPU
		{14E412AD-F1C3-9DBF-59C9-97B687F96D73}.Release|Any CPU.Build.0 = Release|Any CPU
	EndGlobalSection
	GlobalSection(SolutionProperties) = preSolution
		HideSolutionNode = FALSE
	EndGlobalSection
EndGlobal
